
Microsoft Visual Studio Solution File, Format Version 12.00
# Visual Studio Version 17
VisualStudioVersion = 17.4.33205.214
MinimumVisualStudioVersion = 10.0.40219.1
Project("{9A19103F-16F7-4668-BE54-9A1E7A4F7556}") = "GeekBurguer.LabelLoader", "GeekBurguer.LabelLoader.csproj", "{D34E2F5B-94C1-4E42-94A5-DD48A9D865E8}"
EndProject
Global
	GlobalSection(SolutionConfigurationPlatforms) = preSolution
		Debug|Any CPU = Debug|Any CPU
		Release|Any CPU = Release|Any CPU
	EndGlobalSection
	GlobalSection(ProjectConfigurationPlatforms) = postSolution
		{D34E2F5B-94C1-4E42-94A5-DD48A9D865E8}.Debug|Any CPU.ActiveCfg = Debug|Any CPU
		{D34E2F5B-94C1-4E42-94A5-DD48A9D865E8}.Debug|Any CPU.Build.0 = Debug|Any CPU
		{D34E2F5B-94C1-4E42-94A5-DD48A9D865E8}.Release|Any CPU.ActiveCfg = Release|Any CPU
		{D34E2F5B-94C1-4E42-94A5-DD48A9D865E8}.Release|Any CPU.Build.0 = Release|Any CPU
	EndGlobalSection
	GlobalSection(SolutionProperties) = preSolution
		HideSolutionNode = FALSE
	EndGlobalSection
	GlobalSection(ExtensibilityGlobals) = postSolution
		SolutionGuid = {45A1F895-B503-4039-91BD-3C95B8082508}
	EndGlobalSection
EndGlobal
